
Microsoft Visual Studio Solution File, Format Version 12.00
# Visual Studio Version 16
VisualStudioVersion = 16.0.31025.194
MinimumVisualStudioVersion = 10.0.40219.1
Project("{9A19103F-16F7-4668-BE54-9A1E7A4F7556}") = "Domain", "Model\Domain.csproj", "{1121F304-39EE-4D48-8517-C53E62512E02}"
EndProject
Project("{9A19103F-16F7-4668-BE54-9A1E7A4F7556}") = "Common", "Common\Common.csproj", "{F35DBF6E-5F82-4F31-B40C-93EE6C365C8E}"
EndProject
Project("{9A19103F-16F7-4668-BE54-9A1E7A4F7556}") = "Persistence", "Persistence\Persistence.csproj", "{8DC9DEC2-AC8E-4014-95C0-B5B3B66A1BDA}"
EndProject
Project("{9A19103F-16F7-4668-BE54-9A1E7A4F7556}") = "WindowsFormApp", "WindowsFormApp\WindowsFormApp.csproj", "{8254FE06-312E-41C4-8D13-FB4372769D23}"
EndProject
Global
	GlobalSection(SolutionConfigurationPlatforms) = preSolution
		Debug|Any CPU = Debug|Any CPU
		Release|Any CPU = Release|Any CPU
	EndGlobalSection
	GlobalSection(ProjectConfigurationPlatforms) = postSolution
		{1121F304-39EE-4D48-8517-C53E62512E02}.Debug|Any CPU.ActiveCfg = Debug|Any CPU
		{1121F304-39EE-4D48-8517-C53E62512E02}.Debug|Any CPU.Build.0 = Debug|Any CPU
		{1121F304-39EE-4D48-8517-C53E62512E02}.Release|Any CPU.ActiveCfg = Release|Any CPU
		{1121F304-39EE-4D48-8517-C53E62512E02}.Release|Any CPU.Build.0 = Release|Any CPU
		{F35DBF6E-5F82-4F31-B40C-93EE6C365C8E}.Debug|Any CPU.ActiveCfg = Debug|Any CPU
		{F35DBF6E-5F82-4F31-B40C-93EE6C365C8E}.Debug|Any CPU.Build.0 = Debug|Any CPU
		{F35DBF6E-5F82-4F31-B40C-93EE6C365C8E}.Release|Any CPU.ActiveCfg = Release|Any CPU
		{F35DBF6E-5F82-4F31-B40C-93EE6C365C8E}.Release|Any CPU.Build.0 = Release|Any CPU
		{8DC9DEC2-AC8E-4014-95C0-B5B3B66A1BDA}.Debug|Any CPU.ActiveCfg = Debug|Any CPU
		{8DC9DEC2-AC8E-4014-95C0-B5B3B66A1BDA}.Debug|Any CPU.Build.0 = Debug|Any CPU
		{8DC9DEC2-AC8E-4014-95C0-B5B3B66A1BDA}.Release|Any CPU.ActiveCfg = Release|Any CPU
		{8DC9DEC2-AC8E-4014-95C0-B5B3B66A1BDA}.Release|Any CPU.Build.0 = Release|Any CPU
		{8254FE06-312E-41C4-8D13-FB4372769D23}.Debug|Any CPU.ActiveCfg = Debug|Any CPU
		{8254FE06-312E-41C4-8D13-FB4372769D23}.Debug|Any CPU.Build.0 = Debug|Any CPU
		{8254FE06-312E-41C4-8D13-FB4372769D23}.Release|Any CPU.ActiveCfg = Release|Any CPU
		{8254FE06-312E-41C4-8D13-FB4372769D23}.Release|Any CPU.Build.0 = Release|Any CPU
	EndGlobalSection
	GlobalSection(SolutionProperties) = preSolution
		HideSolutionNode = FALSE
	EndGlobalSection
	GlobalSection(ExtensibilityGlobals) = postSolution
		SolutionGuid = {5D4BBB91-FFBA-4AE2-BC96-08DBFB5393AA}
	EndGlobalSection
EndGlobal
